
Microsoft Visual Studio Solution File, Format Version 12.00
# Visual Studio Version 17
VisualStudioVersion = 17.4.33213.308
MinimumVisualStudioVersion = 10.0.40219.1
Project("{9A19103F-16F7-4668-BE54-9A1E7A4F7556}") = "LaborProjectOOP.Dekstop", "LaborProjectOOP\LaborProjectOOP.Dekstop.csproj", "{B1F710B4-BBF8-4953-BC1C-6BDA01F0D2D9}"
EndProject
Project("{FAE04EC0-301F-11D3-BF4B-00C04F79EFBC}") = "LaborProjectOOP.Constants", "LaborProjectOOP.Constants\LaborProjectOOP.Constants.csproj", "{7F32E0AF-55FE-4507-9E0E-4D7DCEC4C85F}"
EndProject
Project("{FAE04EC0-301F-11D3-BF4B-00C04F79EFBC}") = "LaborProjectOOP.Services", "LaborProjectOOP.Services\LaborProjectOOP.Services.csproj", "{B590FBC1-40DB-4510-9158-127EC485120C}"
EndProject
Project("{FAE04EC0-301F-11D3-BF4B-00C04F79EFBC}") = "LaborProjectOOP.Database", "LaborProjectOOP.Database\LaborProjectOOP.Database.csproj", "{BDA33ADA-E516-4EA6-B66F-A17626BACDFB}"
EndProject
Project("{FAE04EC0-301F-11D3-BF4B-00C04F79EFBC}") = "LaborProjectOOP.EntityFramework", "LaborProjectOOP.EntityFramework\LaborProjectOOP.EntityFramework.csproj", "{51CBBCC2-CD52-4860-88F4-951394F06BFE}"
EndProject
Global
	GlobalSection(SolutionConfigurationPlatforms) = preSolution
		Debug|Any CPU = Debug|Any CPU
		Release|Any CPU = Release|Any CPU
	EndGlobalSection
	GlobalSection(ProjectConfigurationPlatforms) = postSolution
		{B1F710B4-BBF8-4953-BC1C-6BDA01F0D2D9}.Debug|Any CPU.ActiveCfg = Debug|Any CPU
		{B1F710B4-BBF8-4953-BC1C-6BDA01F0D2D9}.Debug|Any CPU.Build.0 = Debug|Any CPU
		{B1F710B4-BBF8-4953-BC1C-6BDA01F0D2D9}.Release|Any CPU.ActiveCfg = Release|Any CPU
		{B1F710B4-BBF8-4953-BC1C-6BDA01F0D2D9}.Release|Any CPU.Build.0 = Release|Any CPU
		{7F32E0AF-55FE-4507-9E0E-4D7DCEC4C85F}.Debug|Any CPU.ActiveCfg = Debug|Any CPU
		{7F32E0AF-55FE-4507-9E0E-4D7DCEC4C85F}.Debug|Any CPU.Build.0 = Debug|Any CPU
		{7F32E0AF-55FE-4507-9E0E-4D7DCEC4C85F}.Release|Any CPU.ActiveCfg = Release|Any CPU
		{7F32E0AF-55FE-4507-9E0E-4D7DCEC4C85F}.Release|Any CPU.Build.0 = Release|Any CPU
		{B590FBC1-40DB-4510-9158-127EC485120C}.Debug|Any CPU.ActiveCfg = Debug|Any CPU
		{B590FBC1-40DB-4510-9158-127EC485120C}.Debug|Any CPU.Build.0 = Debug|Any CPU
		{B590FBC1-40DB-4510-9158-127EC485120C}.Release|Any CPU.ActiveCfg = Release|Any CPU
		{B590FBC1-40DB-4510-9158-127EC485120C}.Release|Any CPU.Build.0 = Release|Any CPU
		{BDA33ADA-E516-4EA6-B66F-A17626BACDFB}.Debug|Any CPU.ActiveCfg = Debug|Any CPU
		{BDA33ADA-E516-4EA6-B66F-A17626BACDFB}.Debug|Any CPU.Build.0 = Debug|Any CPU
		{BDA33ADA-E516-4EA6-B66F-A17626BACDFB}.Release|Any CPU.ActiveCfg = Release|Any CPU
		{BDA33ADA-E516-4EA6-B66F-A17626BACDFB}.Release|Any CPU.Build.0 = Release|Any CPU
		{51CBBCC2-CD52-4860-88F4-951394F06BFE}.Debug|Any CPU.ActiveCfg = Debug|Any CPU
		{51CBBCC2-CD52-4860-88F4-951394F06BFE}.Debug|Any CPU.Build.0 = Debug|Any CPU
		{51CBBCC2-CD52-4860-88F4-951394F06BFE}.Release|Any CPU.ActiveCfg = Release|Any CPU
		{51CBBCC2-CD52-4860-88F4-951394F06BFE}.Release|Any CPU.Build.0 = Release|Any CPU
	EndGlobalSection
	GlobalSection(SolutionProperties) = preSolution
		HideSolutionNode = FALSE
	EndGlobalSection
	GlobalSection(ExtensibilityGlobals) = postSolution
		SolutionGuid = {94BF98EA-975A-40FC-86FE-C8F65FD2340A}
	EndGlobalSection
EndGlobal
